// !$*UTF8*$!
{
	archiveVersion = 1;
	classes = {
	};
	objectVersion = 45;
	objects = {

/* Begin PBXBuildFile section */
		28092F91101378D600AE0F9A /* UILabel.h in Headers */ = {isa = PBXBuildFile; fileRef = 28092F8F101378D600AE0F9A /* UILabel.h */; settings = {ATTRIBUTES = (Public, ); }; };
		28092F92101378D600AE0F9A /* UILabel.m in Sources */ = {isa = PBXBuildFile; fileRef = 28092F90101378D600AE0F9A /* UILabel.m */; };
		28092FA01013793B00AE0F9A /* UIColor.h in Headers */ = {isa = PBXBuildFile; fileRef = 28092F9E1013793B00AE0F9A /* UIColor.h */; settings = {ATTRIBUTES = (Public, ); }; };
		28092FA11013793B00AE0F9A /* UIColor.m in Sources */ = {isa = PBXBuildFile; fileRef = 28092F9F1013793B00AE0F9A /* UIColor.m */; };
		28092FC810137B6B00AE0F9A /* UIImage.h in Headers */ = {isa = PBXBuildFile; fileRef = 28092FC610137B6B00AE0F9A /* UIImage.h */; settings = {ATTRIBUTES = (Public, ); }; };
		28092FC910137B6B00AE0F9A /* UIImage.m in Sources */ = {isa = PBXBuildFile; fileRef = 28092FC710137B6B00AE0F9A /* UIImage.m */; };
		280930211013854900AE0F9A /* UIClipView.h in Headers */ = {isa = PBXBuildFile; fileRef = 2809301F1013854900AE0F9A /* UIClipView.h */; settings = {ATTRIBUTES = (Public, ); }; };
		280930221013854900AE0F9A /* UIClipView.m in Sources */ = {isa = PBXBuildFile; fileRef = 280930201013854900AE0F9A /* UIClipView.m */; };
		280932EE10139A5700AE0F9A /* UITableViewCell-Private.h in Headers */ = {isa = PBXBuildFile; fileRef = 280932EC10139A5700AE0F9A /* UITableViewCell-Private.h */; settings = {ATTRIBUTES = (Public, ); }; };
		280934411013A99F00AE0F9A /* UIFont.h in Headers */ = {isa = PBXBuildFile; fileRef = 2809343F1013A99F00AE0F9A /* UIFont.h */; settings = {ATTRIBUTES = (Public, ); }; };
		280934421013A99F00AE0F9A /* UIFont.m in Sources */ = {isa = PBXBuildFile; fileRef = 280934401013A99F00AE0F9A /* UIFont.m */; };
		28093688101560AF00AE0F9A /* UITextField.h in Headers */ = {isa = PBXBuildFile; fileRef = 28093686101560AF00AE0F9A /* UITextField.h */; settings = {ATTRIBUTES = (Public, ); }; };
		28093689101560AF00AE0F9A /* UITextField.m in Sources */ = {isa = PBXBuildFile; fileRef = 28093687101560AF00AE0F9A /* UITextField.m */; };
		284CBB3C0FAA51AA007DBD91 /* UIView.h in Headers */ = {isa = PBXBuildFile; fileRef = 284CBB3A0FAA51AA007DBD91 /* UIView.h */; settings = {ATTRIBUTES = (Public, ); }; };
		284CBB3D0FAA51AA007DBD91 /* UIView.m in Sources */ = {isa = PBXBuildFile; fileRef = 284CBB3B0FAA51AA007DBD91 /* UIView.m */; };
		284CBB420FAA51B4007DBD91 /* UITableView.h in Headers */ = {isa = PBXBuildFile; fileRef = 284CBB400FAA51B4007DBD91 /* UITableView.h */; settings = {ATTRIBUTES = (Public, ); }; };
		284CBB430FAA51B4007DBD91 /* UITableView.m in Sources */ = {isa = PBXBuildFile; fileRef = 284CBB410FAA51B4007DBD91 /* UITableView.m */; };
		284CBB4A0FAA51DF007DBD91 /* UITableViewCell.h in Headers */ = {isa = PBXBuildFile; fileRef = 284CBB480FAA51DF007DBD91 /* UITableViewCell.h */; settings = {ATTRIBUTES = (Public, ); }; };
		284CBB4B0FAA51DF007DBD91 /* UITableViewCell.m in Sources */ = {isa = PBXBuildFile; fileRef = 284CBB490FAA51DF007DBD91 /* UITableViewCell.m */; };
		284CBB4F0FAA5201007DBD91 /* UIKit.h in Headers */ = {isa = PBXBuildFile; fileRef = 284CBB4D0FAA5201007DBD91 /* UIKit.h */; settings = {ATTRIBUTES = (Public, ); }; };
		284CBB530FAA523F007DBD91 /* QuartzCore.framework in Frameworks */ = {isa = PBXBuildFile; fileRef = 284CBB520FAA523F007DBD91 /* QuartzCore.framework */; };
		284CBB890FAA52D3007DBD91 /* UIScrollView.h in Headers */ = {isa = PBXBuildFile; fileRef = 284CBB870FAA52D3007DBD91 /* UIScrollView.h */; settings = {ATTRIBUTES = (Public, ); }; };
		284CBB8A0FAA52D3007DBD91 /* UIScrollView.m in Sources */ = {isa = PBXBuildFile; fileRef = 284CBB880FAA52D3007DBD91 /* UIScrollView.m */; };
		284CBB9F0FAA53D7007DBD91 /* UIKitDefines.h in Headers */ = {isa = PBXBuildFile; fileRef = 284CBB9D0FAA53D7007DBD91 /* UIKitDefines.h */; settings = {ATTRIBUTES = (Public, ); }; };
		8DC2EF530486A6940098B216 /* InfoPlist.strings in Resources */ = {isa = PBXBuildFile; fileRef = 089C1666FE841158C02AAC07 /* InfoPlist.strings */; };
		8DC2EF570486A6940098B216 /* Cocoa.framework in Frameworks */ = {isa = PBXBuildFile; fileRef = 1058C7B1FEA5585E11CA2CBB /* Cocoa.framework */; };
/* End PBXBuildFile section */

/* Begin PBXFileReference section */
		0867D69BFE84028FC02AAC07 /* Foundation.framework */ = {isa = PBXFileReference; lastKnownFileType = wrapper.framework; name = Foundation.framework; path = /System/Library/Frameworks/Foundation.framework; sourceTree = "<absolute>"; };
		0867D6A5FE840307C02AAC07 /* AppKit.framework */ = {isa = PBXFileReference; lastKnownFileType = wrapper.framework; name = AppKit.framework; path = /System/Library/Frameworks/AppKit.framework; sourceTree = "<absolute>"; };
		089C1667FE841158C02AAC07 /* English */ = {isa = PBXFileReference; fileEncoding = 10; lastKnownFileType = text.plist.strings; name = English; path = English.lproj/InfoPlist.strings; sourceTree = "<group>"; };
		1058C7B1FEA5585E11CA2CBB /* Cocoa.framework */ = {isa = PBXFileReference; lastKnownFileType = wrapper.framework; name = Cocoa.framework; path = /System/Library/Frameworks/Cocoa.framework; sourceTree = "<absolute>"; };
		28092F8F101378D600AE0F9A /* UILabel.h */ = {isa = PBXFileReference; fileEncoding = 4; lastKnownFileType = sourcecode.c.h; path = UILabel.h; sourceTree = "<group>"; };
		28092F90101378D600AE0F9A /* UILabel.m */ = {isa = PBXFileReference; fileEncoding = 4; lastKnownFileType = sourcecode.c.objc; path = UILabel.m; sourceTree = "<group>"; };
		28092F9E1013793B00AE0F9A /* UIColor.h */ = {isa = PBXFileReference; fileEncoding = 4; lastKnownFileType = sourcecode.c.h; path = UIColor.h; sourceTree = "<group>"; };
		28092F9F1013793B00AE0F9A /* UIColor.m */ = {isa = PBXFileReference; fileEncoding = 4; lastKnownFileType = sourcecode.c.objc; path = UIColor.m; sourceTree = "<group>"; };
		28092FC610137B6B00AE0F9A /* UIImage.h */ = {isa = PBXFileReference; fileEncoding = 4; lastKnownFileType = sourcecode.c.h; path = UIImage.h; sourceTree = "<group>"; };
		28092FC710137B6B00AE0F9A /* UIImage.m */ = {isa = PBXFileReference; fileEncoding = 4; lastKnownFileType = sourcecode.c.objc; path = UIImage.m; sourceTree = "<group>"; };
		2809301F1013854900AE0F9A /* UIClipView.h */ = {isa = PBXFileReference; fileEncoding = 4; lastKnownFileType = sourcecode.c.h; path = UIClipView.h; sourceTree = "<group>"; };
		280930201013854900AE0F9A /* UIClipView.m */ = {isa = PBXFileReference; fileEncoding = 4; lastKnownFileType = sourcecode.c.objc; path = UIClipView.m; sourceTree = "<group>"; };
		280932EC10139A5700AE0F9A /* UITableViewCell-Private.h */ = {isa = PBXFileReference; fileEncoding = 4; lastKnownFileType = sourcecode.c.h; path = "UITableViewCell-Private.h"; sourceTree = "<group>"; };
		2809343F1013A99F00AE0F9A /* UIFont.h */ = {isa = PBXFileReference; fileEncoding = 4; lastKnownFileType = sourcecode.c.h; path = UIFont.h; sourceTree = "<group>"; };
		280934401013A99F00AE0F9A /* UIFont.m */ = {isa = PBXFileReference; fileEncoding = 4; lastKnownFileType = sourcecode.c.objc; path = UIFont.m; sourceTree = "<group>"; };
		28093686101560AF00AE0F9A /* UITextField.h */ = {isa = PBXFileReference; fileEncoding = 4; lastKnownFileType = sourcecode.c.h; path = UITextField.h; sourceTree = "<group>"; };
		28093687101560AF00AE0F9A /* UITextField.m */ = {isa = PBXFileReference; fileEncoding = 4; lastKnownFileType = sourcecode.c.objc; path = UITextField.m; sourceTree = "<group>"; };
		284CBB3A0FAA51AA007DBD91 /* UIView.h */ = {isa = PBXFileReference; fileEncoding = 4; lastKnownFileType = sourcecode.c.h; path = UIView.h; sourceTree = "<group>"; };
		284CBB3B0FAA51AA007DBD91 /* UIView.m */ = {isa = PBXFileReference; fileEncoding = 4; lastKnownFileType = sourcecode.c.objc; path = UIView.m; sourceTree = "<group>"; };
		284CBB400FAA51B4007DBD91 /* UITableView.h */ = {isa = PBXFileReference; fileEncoding = 4; lastKnownFileType = sourcecode.c.h; path = UITableView.h; sourceTree = "<group>"; };
		284CBB410FAA51B4007DBD91 /* UITableView.m */ = {isa = PBXFileReference; fileEncoding = 4; lastKnownFileType = sourcecode.c.objc; path = UITableView.m; sourceTree = "<group>"; };
		284CBB480FAA51DF007DBD91 /* UITableViewCell.h */ = {isa = PBXFileReference; fileEncoding = 4; lastKnownFileType = sourcecode.c.h; path = UITableViewCell.h; sourceTree = "<group>"; };
		284CBB490FAA51DF007DBD91 /* UITableViewCell.m */ = {isa = PBXFileReference; fileEncoding = 4; lastKnownFileType = sourcecode.c.objc; path = UITableViewCell.m; sourceTree = "<group>"; };
		284CBB4D0FAA5201007DBD91 /* UIKit.h */ = {isa = PBXFileReference; fileEncoding = 4; lastKnownFileType = sourcecode.c.h; path = UIKit.h; sourceTree = "<group>"; };
		284CBB520FAA523F007DBD91 /* QuartzCore.framework */ = {isa = PBXFileReference; lastKnownFileType = wrapper.framework; name = QuartzCore.framework; path = System/Library/Frameworks/QuartzCore.framework; sourceTree = SDKROOT; };
		284CBB870FAA52D3007DBD91 /* UIScrollView.h */ = {isa = PBXFileReference; fileEncoding = 4; lastKnownFileType = sourcecode.c.h; path = UIScrollView.h; sourceTree = "<group>"; };
		284CBB880FAA52D3007DBD91 /* UIScrollView.m */ = {isa = PBXFileReference; fileEncoding = 4; lastKnownFileType = sourcecode.c.objc; path = UIScrollView.m; sourceTree = "<group>"; };
		284CBB9D0FAA53D7007DBD91 /* UIKitDefines.h */ = {isa = PBXFileReference; fileEncoding = 4; lastKnownFileType = sourcecode.c.h; path = UIKitDefines.h; sourceTree = "<group>"; };
		32DBCF5E0370ADEE00C91783 /* UIKit_Prefix.pch */ = {isa = PBXFileReference; fileEncoding = 4; lastKnownFileType = sourcecode.c.h; path = UIKit_Prefix.pch; sourceTree = "<group>"; };
		8DC2EF5A0486A6940098B216 /* Info.plist */ = {isa = PBXFileReference; fileEncoding = 4; lastKnownFileType = text.plist.xml; path = Info.plist; sourceTree = "<group>"; };
		8DC2EF5B0486A6940098B216 /* UIKit.framework */ = {isa = PBXFileReference; explicitFileType = wrapper.framework; includeInIndex = 0; path = UIKit.framework; sourceTree = BUILT_PRODUCTS_DIR; };
		D2F7E79907B2D74100F64583 /* CoreData.framework */ = {isa = PBXFileReference; lastKnownFileType = wrapper.framework; name = CoreData.framework; path = /System/Library/Frameworks/CoreData.framework; sourceTree = "<absolute>"; };
/* End PBXFileReference section */

/* Begin PBXFrameworksBuildPhase section */
		8DC2EF560486A6940098B216 /* Frameworks */ = {
			isa = PBXFrameworksBuildPhase;
			buildActionMask = 2147483647;
			files = (
				8DC2EF570486A6940098B216 /* Cocoa.framework in Frameworks */,
				284CBB530FAA523F007DBD91 /* QuartzCore.framework in Frameworks */,
			);
			runOnlyForDeploymentPostprocessing = 0;
		};
/* End PBXFrameworksBuildPhase section */

/* Begin PBXGroup section */
		034768DFFF38A50411DB9C8B /* Products */ = {
			isa = PBXGroup;
			children = (
				8DC2EF5B0486A6940098B216 /* UIKit.framework */,
			);
			name = Products;
			sourceTree = "<group>";
		};
		0867D691FE84028FC02AAC07 /* UIKit */ = {
			isa = PBXGroup;
			children = (
				08FB77AEFE84172EC02AAC07 /* Classes */,
				32C88DFF0371C24200C91783 /* Other Sources */,
				089C1665FE841158C02AAC07 /* Resources */,
				0867D69AFE84028FC02AAC07 /* External Frameworks and Libraries */,
				034768DFFF38A50411DB9C8B /* Products */,
			);
			name = UIKit;
			sourceTree = "<group>";
		};
		0867D69AFE84028FC02AAC07 /* External Frameworks and Libraries */ = {
			isa = PBXGroup;
			children = (
				1058C7B0FEA5585E11CA2CBB /* Linked Frameworks */,
				1058C7B2FEA5585E11CA2CBB /* Other Frameworks */,
			);
			name = "External Frameworks and Libraries";
			sourceTree = "<group>";
		};
		089C1665FE841158C02AAC07 /* Resources */ = {
			isa = PBXGroup;
			children = (
				8DC2EF5A0486A6940098B216 /* Info.plist */,
				089C1666FE841158C02AAC07 /* InfoPlist.strings */,
			);
			name = Resources;
			sourceTree = "<group>";
		};
		08FB77AEFE84172EC02AAC07 /* Classes */ = {
			isa = PBXGroup;
			children = (
				284CBB9D0FAA53D7007DBD91 /* UIKitDefines.h */,
				284CBB4D0FAA5201007DBD91 /* UIKit.h */,
				284CBB3A0FAA51AA007DBD91 /* UIView.h */,
				284CBB3B0FAA51AA007DBD91 /* UIView.m */,
				28092F8F101378D600AE0F9A /* UILabel.h */,
				28092F90101378D600AE0F9A /* UILabel.m */,
				28092F9E1013793B00AE0F9A /* UIColor.h */,
				28092F9F1013793B00AE0F9A /* UIColor.m */,
				2809343F1013A99F00AE0F9A /* UIFont.h */,
				280934401013A99F00AE0F9A /* UIFont.m */,
				28092FC610137B6B00AE0F9A /* UIImage.h */,
				28092FC710137B6B00AE0F9A /* UIImage.m */,
				284CBB400FAA51B4007DBD91 /* UITableView.h */,
				284CBB410FAA51B4007DBD91 /* UITableView.m */,
				284CBB480FAA51DF007DBD91 /* UITableViewCell.h */,
				284CBB490FAA51DF007DBD91 /* UITableViewCell.m */,
				280932EC10139A5700AE0F9A /* UITableViewCell-Private.h */,
				284CBB870FAA52D3007DBD91 /* UIScrollView.h */,
				284CBB880FAA52D3007DBD91 /* UIScrollView.m */,
				2809301F1013854900AE0F9A /* UIClipView.h */,
				280930201013854900AE0F9A /* UIClipView.m */,
				28093686101560AF00AE0F9A /* UITextField.h */,
				28093687101560AF00AE0F9A /* UITextField.m */,
			);
			name = Classes;
			sourceTree = "<group>";
		};
		1058C7B0FEA5585E11CA2CBB /* Linked Frameworks */ = {
			isa = PBXGroup;
			children = (
				1058C7B1FEA5585E11CA2CBB /* Cocoa.framework */,
			);
			name = "Linked Frameworks";
			sourceTree = "<group>";
		};
		1058C7B2FEA5585E11CA2CBB /* Other Frameworks */ = {
			isa = PBXGroup;
			children = (
				284CBB520FAA523F007DBD91 /* QuartzCore.framework */,
				0867D6A5FE840307C02AAC07 /* AppKit.framework */,
				D2F7E79907B2D74100F64583 /* CoreData.framework */,
				0867D69BFE84028FC02AAC07 /* Foundation.framework */,
			);
			name = "Other Frameworks";
			sourceTree = "<group>";
		};
		32C88DFF0371C24200C91783 /* Other Sources */ = {
			isa = PBXGroup;
			children = (
				32DBCF5E0370ADEE00C91783 /* UIKit_Prefix.pch */,
			);
			name = "Other Sources";
			sourceTree = "<group>";
		};
/* End PBXGroup section */

/* Begin PBXHeadersBuildPhase section */
		8DC2EF500486A6940098B216 /* Headers */ = {
			isa = PBXHeadersBuildPhase;
			buildActionMask = 2147483647;
			files = (
				284CBB3C0FAA51AA007DBD91 /* UIView.h in Headers */,
				284CBB420FAA51B4007DBD91 /* UITableView.h in Headers */,
				284CBB4A0FAA51DF007DBD91 /* UITableViewCell.h in Headers */,
				284CBB4F0FAA5201007DBD91 /* UIKit.h in Headers */,
				284CBB890FAA52D3007DBD91 /* UIScrollView.h in Headers */,
				284CBB9F0FAA53D7007DBD91 /* UIKitDefines.h in Headers */,
				28092F91101378D600AE0F9A /* UILabel.h in Headers */,
				28092FA01013793B00AE0F9A /* UIColor.h in Headers */,
				28092FC810137B6B00AE0F9A /* UIImage.h in Headers */,
				280930211013854900AE0F9A /* UIClipView.h in Headers */,
				280932EE10139A5700AE0F9A /* UITableViewCell-Private.h in Headers */,
				280934411013A99F00AE0F9A /* UIFont.h in Headers */,
				28093688101560AF00AE0F9A /* UITextField.h in Headers */,
			);
			runOnlyForDeploymentPostprocessing = 0;
		};
/* End PBXHeadersBuildPhase section */

/* Begin PBXNativeTarget section */
		8DC2EF4F0486A6940098B216 /* UIKit */ = {
			isa = PBXNativeTarget;
			buildConfigurationList = 1DEB91AD08733DA50010E9CD /* Build configuration list for PBXNativeTarget "UIKit" */;
			buildPhases = (
				8DC2EF500486A6940098B216 /* Headers */,
				8DC2EF520486A6940098B216 /* Resources */,
				8DC2EF540486A6940098B216 /* Sources */,
				8DC2EF560486A6940098B216 /* Frameworks */,
			);
			buildRules = (
			);
			dependencies = (
			);
			name = UIKit;
			productInstallPath = "$(HOME)/Library/Frameworks";
			productName = UIKit;
			productReference = 8DC2EF5B0486A6940098B216 /* UIKit.framework */;
			productType = "com.apple.product-type.framework";
		};
/* End PBXNativeTarget section */

/* Begin PBXProject section */
		0867D690FE84028FC02AAC07 /* Project object */ = {
			isa = PBXProject;
			buildConfigurationList = 1DEB91B108733DA50010E9CD /* Build configuration list for PBXProject "UIKit" */;
			compatibilityVersion = "Xcode 3.1";
			hasScannedForEncodings = 1;
			mainGroup = 0867D691FE84028FC02AAC07 /* UIKit */;
			productRefGroup = 034768DFFF38A50411DB9C8B /* Products */;
			projectDirPath = "";
			projectRoot = "";
			targets = (
				8DC2EF4F0486A6940098B216 /* UIKit */,
			);
		};
/* End PBXProject section */

/* Begin PBXResourcesBuildPhase section */
		8DC2EF520486A6940098B216 /* Resources */ = {
			isa = PBXResourcesBuildPhase;
			buildActionMask = 2147483647;
			files = (
				8DC2EF530486A6940098B216 /* InfoPlist.strings in Resources */,
			);
			runOnlyForDeploymentPostprocessing = 0;
		};
/* End PBXResourcesBuildPhase section */

/* Begin PBXSourcesBuildPhase section */
		8DC2EF540486A6940098B216 /* Sources */ = {
			isa = PBXSourcesBuildPhase;
			buildActionMask = 2147483647;
			files = (
				284CBB3D0FAA51AA007DBD91 /* UIView.m in Sources */,
				284CBB430FAA51B4007DBD91 /* UITableView.m in Sources */,
				284CBB4B0FAA51DF007DBD91 /* UITableViewCell.m in Sources */,
				284CBB8A0FAA52D3007DBD91 /* UIScrollView.m in Sources */,
				28092F92101378D600AE0F9A /* UILabel.m in Sources */,
				28092FA11013793B00AE0F9A /* UIColor.m in Sources */,
				28092FC910137B6B00AE0F9A /* UIImage.m in Sources */,
				280930221013854900AE0F9A /* UIClipView.m in Sources */,
				280934421013A99F00AE0F9A /* UIFont.m in Sources */,
				28093689101560AF00AE0F9A /* UITextField.m in Sources */,
			);
			runOnlyForDeploymentPostprocessing = 0;
		};
/* End PBXSourcesBuildPhase section */

/* Begin PBXVariantGroup section */
		089C1666FE841158C02AAC07 /* InfoPlist.strings */ = {
			isa = PBXVariantGroup;
			children = (
				089C1667FE841158C02AAC07 /* English */,
			);
			name = InfoPlist.strings;
			sourceTree = "<group>";
		};
/* End PBXVariantGroup section */

/* Begin XCBuildConfiguration section */
		1DEB91AE08733DA50010E9CD /* Debug */ = {
			isa = XCBuildConfiguration;
			buildSettings = {
				ALWAYS_SEARCH_USER_PATHS = NO;
				COPY_PHASE_STRIP = NO;
				DYLIB_COMPATIBILITY_VERSION = 1;
				DYLIB_CURRENT_VERSION = 1;
				FRAMEWORK_VERSION = A;
				GCC_DYNAMIC_NO_PIC = NO;
				GCC_ENABLE_FIX_AND_CONTINUE = YES;
				GCC_MODEL_TUNING = G5;
				GCC_OPTIMIZATION_LEVEL = 0;
				GCC_PRECOMPILE_PREFIX_HEADER = YES;
				GCC_PREFIX_HEADER = UIKit_Prefix.pch;
				INFOPLIST_FILE = Info.plist;
				INSTALL_PATH = "@executable_path/../Frameworks";
				PRODUCT_NAME = UIKit;
				WRAPPER_EXTENSION = framework;
			};
			name = Debug;
		};
		1DEB91AF08733DA50010E9CD /* Release */ = {
			isa = XCBuildConfiguration;
			buildSettings = {
				ALWAYS_SEARCH_USER_PATHS = NO;
				DEBUG_INFORMATION_FORMAT = "dwarf-with-dsym";
				DYLIB_COMPATIBILITY_VERSION = 1;
				DYLIB_CURRENT_VERSION = 1;
				FRAMEWORK_VERSION = A;
				GCC_MODEL_TUNING = G5;
				GCC_PRECOMPILE_PREFIX_HEADER = YES;
				GCC_PREFIX_HEADER = UIKit_Prefix.pch;
				INFOPLIST_FILE = Info.plist;
				INSTALL_PATH = "@executable_path/../Frameworks";
				PRODUCT_NAME = UIKit;
				WRAPPER_EXTENSION = framework;
			};
			name = Release;
		};
		1DEB91B208733DA50010E9CD /* Debug */ = {
			isa = XCBuildConfiguration;
			buildSettings = {
				ARCHS = "$(ARCHS_STANDARD_32_64_BIT)";
				GCC_C_LANGUAGE_STANDARD = c99;
				GCC_OPTIMIZATION_LEVEL = 0;
				GCC_WARN_ABOUT_RETURN_TYPE = YES;
				GCC_WARN_UNUSED_VARIABLE = YES;
				ONLY_ACTIVE_ARCH = YES;
				PREBINDING = NO;
				SDKROOT = macosx10.5;
			};
			name = Debug;
		};
		1DEB91B308733DA50010E9CD /* Release */ = {
			isa = XCBuildConfiguration;
			buildSettings = {
				ARCHS = "$(ARCHS_STANDARD_32_64_BIT)";
				GCC_C_LANGUAGE_STANDARD = c99;
				GCC_WARN_ABOUT_RETURN_TYPE = YES;
				GCC_WARN_UNUSED_VARIABLE = YES;
				PREBINDING = NO;
				SDKROOT = macosx10.5;
			};
			name = Release;
		};
/* End XCBuildConfiguration section */

/* Begin XCConfigurationList section */
		1DEB91AD08733DA50010E9CD /* Build configuration list for PBXNativeTarget "UIKit" */ = {
			isa = XCConfigurationList;
			buildConfigurations = (
				1DEB91AE08733DA50010E9CD /* Debug */,
				1DEB91AF08733DA50010E9CD /* Release */,
			);
			defaultConfigurationIsVisible = 0;
			defaultConfigurationName = Release;
		};
		1DEB91B108733DA50010E9CD /* Build configuration list for PBXProject "UIKit" */ = {
			isa = XCConfigurationList;
			buildConfigurations = (
				1DEB91B208733DA50010E9CD /* Debug */,
				1DEB91B308733DA50010E9CD /* Release */,
			);
			defaultConfigurationIsVisible = 0;
			defaultConfigurationName = Release;
		};
/* End XCConfigurationList section */
	};
	rootObject = 0867D690FE84028FC02AAC07 /* Project object */;
}
